
Microsoft Visual Studio Solution File, Format Version 12.00
# Visual Studio Version 16
VisualStudioVersion = 16.0.31129.286
MinimumVisualStudioVersion = 10.0.40219.1
Project("{FAE04EC0-301F-11D3-BF4B-00C04F79EFBC}") = "AddTwoNumbers", "AddTwoNumbers\AddTwoNumbers.csproj", "{0F6AF9AB-BD8E-4EF8-B154-5B8CB931E478}"
EndProject
Global
	GlobalSection(SolutionConfigurationPlatforms) = preSolution
		Debug|Any CPU = Debug|Any CPU
		Release|Any CPU = Release|Any CPU
	EndGlobalSection
	GlobalSection(ProjectConfigurationPlatforms) = postSolution
		{0F6AF9AB-BD8E-4EF8-B154-5B8CB931E478}.Debug|Any CPU.ActiveCfg = Debug|Any CPU
		{0F6AF9AB-BD8E-4EF8-B154-5B8CB931E478}.Debug|Any CPU.Build.0 = Debug|Any CPU
		{0F6AF9AB-BD8E-4EF8-B154-5B8CB931E478}.Release|Any CPU.ActiveCfg = Release|Any CPU
		{0F6AF9AB-BD8E-4EF8-B154-5B8CB931E478}.Release|Any CPU.Build.0 = Release|Any CPU
	EndGlobalSection
	GlobalSection(SolutionProperties) = preSolution
		HideSolutionNode = FALSE
	EndGlobalSection
	GlobalSection(ExtensibilityGlobals) = postSolution
		SolutionGuid = {97E8BCDA-A3B3-4D12-8AC7-C7124A6D9946}
	EndGlobalSection
EndGlobal
